
Microsoft Visual Studio Solution File, Format Version 12.00
# Visual Studio Version 17
VisualStudioVersion = 17.8.34330.188
MinimumVisualStudioVersion = 10.0.40219.1
Project("{FAE04EC0-301F-11D3-BF4B-00C04F79EFBC}") = "ObjectCollisionDetection", "ObjectCollisionDetection\ObjectCollisionDetection.csproj", "{081099BC-56BA-40FB-9288-CD7E3233FA6C}"
EndProject
Global
	GlobalSection(SolutionConfigurationPlatforms) = preSolution
		Debug|Any CPU = Debug|Any CPU
		Release|Any CPU = Release|Any CPU
	EndGlobalSection
	GlobalSection(ProjectConfigurationPlatforms) = postSolution
		{081099BC-56BA-40FB-9288-CD7E3233FA6C}.Debug|Any CPU.ActiveCfg = Debug|Any CPU
		{081099BC-56BA-40FB-9288-CD7E3233FA6C}.Debug|Any CPU.Build.0 = Debug|Any CPU
		{081099BC-56BA-40FB-9288-CD7E3233FA6C}.Release|Any CPU.ActiveCfg = Release|Any CPU
		{081099BC-56BA-40FB-9288-CD7E3233FA6C}.Release|Any CPU.Build.0 = Release|Any CPU
	EndGlobalSection
	GlobalSection(SolutionProperties) = preSolution
		HideSolutionNode = FALSE
	EndGlobalSection
	GlobalSection(ExtensibilityGlobals) = postSolution
		SolutionGuid = {E4B18F20-1CE6-473E-9392-D9795F99B0C9}
	EndGlobalSection
EndGlobal
